
Microsoft Visual Studio Solution File, Format Version 12.00
# Visual Studio 2012
Project("{D954291E-2A0B-460D-934E-DC6B0785DB48}") = "ProfileLayout", "ProfileLayout\ProfileLayout.shproj", "{844EE0FF-83C0-4C40-939C-6F6E5BC131D2}"
EndProject
Project("{FAE04EC0-301F-11D3-BF4B-00C04F79EFBC}") = "ProfileLayout.iOS", "iOS\ProfileLayout.iOS.csproj", "{B37D21DE-F63A-48BE-B5D3-2091A491C4C6}"
EndProject
Project("{FAE04EC0-301F-11D3-BF4B-00C04F79EFBC}") = "ProfileLayout.Droid", "Droid\ProfileLayout.Droid.csproj", "{37C21535-F12E-4EBB-8CB5-F226E155E3F8}"
EndProject
Global
	GlobalSection(SolutionConfigurationPlatforms) = preSolution
		Debug|iPhoneSimulator = Debug|iPhoneSimulator
		Release|iPhone = Release|iPhone
		Release|iPhoneSimulator = Release|iPhoneSimulator
		Debug|iPhone = Debug|iPhone
		Debug|Any CPU = Debug|Any CPU
		Release|Any CPU = Release|Any CPU
	EndGlobalSection
	GlobalSection(ProjectConfigurationPlatforms) = postSolution
		{B37D21DE-F63A-48BE-B5D3-2091A491C4C6}.Debug|iPhoneSimulator.ActiveCfg = Debug|iPhoneSimulator
		{B37D21DE-F63A-48BE-B5D3-2091A491C4C6}.Debug|iPhoneSimulator.Build.0 = Debug|iPhoneSimulator
		{B37D21DE-F63A-48BE-B5D3-2091A491C4C6}.Release|iPhone.ActiveCfg = Release|iPhone
		{B37D21DE-F63A-48BE-B5D3-2091A491C4C6}.Release|iPhone.Build.0 = Release|iPhone
		{B37D21DE-F63A-48BE-B5D3-2091A491C4C6}.Release|iPhoneSimulator.ActiveCfg = Release|iPhoneSimulator
		{B37D21DE-F63A-48BE-B5D3-2091A491C4C6}.Release|iPhoneSimulator.Build.0 = Release|iPhoneSimulator
		{B37D21DE-F63A-48BE-B5D3-2091A491C4C6}.Debug|iPhone.ActiveCfg = Debug|iPhone
		{B37D21DE-F63A-48BE-B5D3-2091A491C4C6}.Debug|iPhone.Build.0 = Debug|iPhone
		{B37D21DE-F63A-48BE-B5D3-2091A491C4C6}.Debug|Any CPU.ActiveCfg = Debug|iPhoneSimulator
		{B37D21DE-F63A-48BE-B5D3-2091A491C4C6}.Debug|Any CPU.Build.0 = Debug|iPhoneSimulator
		{B37D21DE-F63A-48BE-B5D3-2091A491C4C6}.Release|Any CPU.ActiveCfg = Release|iPhone
		{B37D21DE-F63A-48BE-B5D3-2091A491C4C6}.Release|Any CPU.Build.0 = Release|iPhone
		{37C21535-F12E-4EBB-8CB5-F226E155E3F8}.Debug|iPhoneSimulator.ActiveCfg = Debug|Any CPU
		{37C21535-F12E-4EBB-8CB5-F226E155E3F8}.Debug|iPhoneSimulator.Build.0 = Debug|Any CPU
		{37C21535-F12E-4EBB-8CB5-F226E155E3F8}.Release|iPhone.ActiveCfg = Release|Any CPU
		{37C21535-F12E-4EBB-8CB5-F226E155E3F8}.Release|iPhone.Build.0 = Release|Any CPU
		{37C21535-F12E-4EBB-8CB5-F226E155E3F8}.Release|iPhoneSimulator.ActiveCfg = Release|Any CPU
		{37C21535-F12E-4EBB-8CB5-F226E155E3F8}.Release|iPhoneSimulator.Build.0 = Release|Any CPU
		{37C21535-F12E-4EBB-8CB5-F226E155E3F8}.Debug|iPhone.ActiveCfg = Debug|Any CPU
		{37C21535-F12E-4EBB-8CB5-F226E155E3F8}.Debug|iPhone.Build.0 = Debug|Any CPU
		{37C21535-F12E-4EBB-8CB5-F226E155E3F8}.Debug|Any CPU.ActiveCfg = Debug|Any CPU
		{37C21535-F12E-4EBB-8CB5-F226E155E3F8}.Debug|Any CPU.Build.0 = Debug|Any CPU
		{37C21535-F12E-4EBB-8CB5-F226E155E3F8}.Release|Any CPU.ActiveCfg = Release|Any CPU
		{37C21535-F12E-4EBB-8CB5-F226E155E3F8}.Release|Any CPU.Build.0 = Release|Any CPU
	EndGlobalSection
EndGlobal
